
Microsoft Visual Studio Solution File, Format Version 12.00
# Visual Studio Version 17
VisualStudioVersion = 17.4.33213.308
MinimumVisualStudioVersion = 10.0.40219.1
Project("{FAE04EC0-301F-11D3-BF4B-00C04F79EFBC}") = "ReReShade", "ReReShade\ReReShade.csproj", "{62A3C143-41A9-44FC-BA2B-C54D3FC1A7EF}"
EndProject
Global
	GlobalSection(SolutionConfigurationPlatforms) = preSolution
		Debug|Any CPU = Debug|Any CPU
		Release|Any CPU = Release|Any CPU
	EndGlobalSection
	GlobalSection(ProjectConfigurationPlatforms) = postSolution
		{62A3C143-41A9-44FC-BA2B-C54D3FC1A7EF}.Debug|Any CPU.ActiveCfg = Debug|Any CPU
		{62A3C143-41A9-44FC-BA2B-C54D3FC1A7EF}.Debug|Any CPU.Build.0 = Debug|Any CPU
		{62A3C143-41A9-44FC-BA2B-C54D3FC1A7EF}.Release|Any CPU.ActiveCfg = Release|Any CPU
		{62A3C143-41A9-44FC-BA2B-C54D3FC1A7EF}.Release|Any CPU.Build.0 = Release|Any CPU
	EndGlobalSection
	GlobalSection(SolutionProperties) = preSolution
		HideSolutionNode = FALSE
	EndGlobalSection
	GlobalSection(ExtensibilityGlobals) = postSolution
		SolutionGuid = {380E80D9-B566-4677-9291-50348F2FA718}
	EndGlobalSection
EndGlobal
